{
  "name": "wad-202-final-project-mytrak-group5",
  "lockfileVersion": 3,
  "requires": true,
  "packages": {
    "": {
      "dependencies": {
        "@types/jquery": "^3.5.29",
        "gsap": "^3.12.4"
      }
    },
    "node_modules/@types/jquery": {
      "version": "3.5.29",
      "resolved": "https://registry.npmjs.org/@types/jquery/-/jquery-3.5.29.tgz",
      "integrity": "sha512-oXQQC9X9MOPRrMhPHHOsXqeQDnWeCDT3PelUIg/Oy8FAbzSZtFHRjc7IpbfFVmpLtJ+UOoywpRsuO5Jxjybyeg==",
      "dependencies": {
        "@types/sizzle": "*"
      }
    },
    "node_modules/@types/sizzle": {
      "version": "2.3.8",
      "resolved": "https://registry.npmjs.org/@types/sizzle/-/sizzle-2.3.8.tgz",
      "integrity": "sha512-0vWLNK2D5MT9dg0iOo8GlKguPAU02QjmZitPEsXRuJXU/OGIOt9vT9Fc26wtYuavLxtO45v9PGleoL9Z0k1LHg=="
    },
    "node_modules/gsap": {
      "version": "3.12.4",
      "resolved": "https://registry.npmjs.org/gsap/-/gsap-3.12.4.tgz",
      "integrity": "sha512-1ByAq8dD0W4aBZ/JArgaQvc0gyUfkGkP8mgAQa0qZGdpOKlSOhOf+WNXjoLimKaKG3Z4Iu6DKZtnyszqQeyqWQ=="
    }
  }
}
